
Microsoft Visual Studio Solution File, Format Version 12.00
# Visual Studio 14
VisualStudioVersion = 14.0.25420.1
MinimumVisualStudioVersion = 10.0.40219.1
Project("{FAE04EC0-301F-11D3-BF4B-00C04F79EFBC}") = "FarmMonitor", "FarmMonitor\FarmMonitor.csproj", "{05BB2BEF-BE83-4F36-AE6A-78BA67373304}"
EndProject
Project("{FAE04EC0-301F-11D3-BF4B-00C04F79EFBC}") = "FarmMonitor.Infrastructure", "FarmMonitor.Infrastructure\FarmMonitor.Infrastructure.csproj", "{8AF0DD1F-C302-4A5B-892C-9E93B42AD227}"
EndProject
Project("{2150E333-8FDC-42A3-9474-1A3956D46DE8}") = "Business", "Business", "{B75C6573-C96E-4064-9CE3-E78A53B59886}"
EndProject
Project("{2150E333-8FDC-42A3-9474-1A3956D46DE8}") = "Modules", "Modules", "{73ADA1AA-3E75-4471-8BE5-2B8FC67695F4}"
EndProject
Project("{FAE04EC0-301F-11D3-BF4B-00C04F79EFBC}") = "DashboardModule", "DashboardModule\DashboardModule.csproj", "{CC886B79-3CC6-4583-AABE-A31A9E87B11F}"
EndProject
Project("{FAE04EC0-301F-11D3-BF4B-00C04F79EFBC}") = "TimeLineModule", "TimeLineModule\TimeLineModule.csproj", "{553A5AEE-F4FB-47C1-A2BB-7C6621D1E023}"
EndProject
Project("{FAE04EC0-301F-11D3-BF4B-00C04F79EFBC}") = "NavigationModule", "NavigationModule\NavigationModule.csproj", "{2B4A802F-78C2-49CE-8841-D758918E91C7}"
EndProject
Project("{2150E333-8FDC-42A3-9474-1A3956D46DE8}") = "Data", "Data", "{705F296A-1B83-4B42-84C3-0DE0914F1C14}"
EndProject
Global
	GlobalSection(SolutionConfigurationPlatforms) = preSolution
		Debug|Any CPU = Debug|Any CPU
		Release|Any CPU = Release|Any CPU
	EndGlobalSection
	GlobalSection(ProjectConfigurationPlatforms) = postSolution
		{05BB2BEF-BE83-4F36-AE6A-78BA67373304}.Debug|Any CPU.ActiveCfg = Debug|Any CPU
		{05BB2BEF-BE83-4F36-AE6A-78BA67373304}.Debug|Any CPU.Build.0 = Debug|Any CPU
		{05BB2BEF-BE83-4F36-AE6A-78BA67373304}.Release|Any CPU.ActiveCfg = Release|Any CPU
		{05BB2BEF-BE83-4F36-AE6A-78BA67373304}.Release|Any CPU.Build.0 = Release|Any CPU
		{8AF0DD1F-C302-4A5B-892C-9E93B42AD227}.Debug|Any CPU.ActiveCfg = Debug|Any CPU
		{8AF0DD1F-C302-4A5B-892C-9E93B42AD227}.Debug|Any CPU.Build.0 = Debug|Any CPU
		{8AF0DD1F-C302-4A5B-892C-9E93B42AD227}.Release|Any CPU.ActiveCfg = Release|Any CPU
		{8AF0DD1F-C302-4A5B-892C-9E93B42AD227}.Release|Any CPU.Build.0 = Release|Any CPU
		{CC886B79-3CC6-4583-AABE-A31A9E87B11F}.Debug|Any CPU.ActiveCfg = Debug|Any CPU
		{CC886B79-3CC6-4583-AABE-A31A9E87B11F}.Debug|Any CPU.Build.0 = Debug|Any CPU
		{CC886B79-3CC6-4583-AABE-A31A9E87B11F}.Release|Any CPU.ActiveCfg = Release|Any CPU
		{CC886B79-3CC6-4583-AABE-A31A9E87B11F}.Release|Any CPU.Build.0 = Release|Any CPU
		{553A5AEE-F4FB-47C1-A2BB-7C6621D1E023}.Debug|Any CPU.ActiveCfg = Debug|Any CPU
		{553A5AEE-F4FB-47C1-A2BB-7C6621D1E023}.Debug|Any CPU.Build.0 = Debug|Any CPU
		{553A5AEE-F4FB-47C1-A2BB-7C6621D1E023}.Release|Any CPU.ActiveCfg = Release|Any CPU
		{553A5AEE-F4FB-47C1-A2BB-7C6621D1E023}.Release|Any CPU.Build.0 = Release|Any CPU
		{2B4A802F-78C2-49CE-8841-D758918E91C7}.Debug|Any CPU.ActiveCfg = Debug|Any CPU
		{2B4A802F-78C2-49CE-8841-D758918E91C7}.Debug|Any CPU.Build.0 = Debug|Any CPU
		{2B4A802F-78C2-49CE-8841-D758918E91C7}.Release|Any CPU.ActiveCfg = Release|Any CPU
		{2B4A802F-78C2-49CE-8841-D758918E91C7}.Release|Any CPU.Build.0 = Release|Any CPU
	EndGlobalSection
	GlobalSection(SolutionProperties) = preSolution
		HideSolutionNode = FALSE
	EndGlobalSection
	GlobalSection(NestedProjects) = preSolution
		{CC886B79-3CC6-4583-AABE-A31A9E87B11F} = {73ADA1AA-3E75-4471-8BE5-2B8FC67695F4}
		{553A5AEE-F4FB-47C1-A2BB-7C6621D1E023} = {73ADA1AA-3E75-4471-8BE5-2B8FC67695F4}
		{2B4A802F-78C2-49CE-8841-D758918E91C7} = {73ADA1AA-3E75-4471-8BE5-2B8FC67695F4}
	EndGlobalSection
EndGlobal
