
Microsoft Visual Studio Solution File, Format Version 12.00
# Visual Studio 15
VisualStudioVersion = 15.0.26730.15
MinimumVisualStudioVersion = 10.0.40219.1
Project("{FAE04EC0-301F-11D3-BF4B-00C04F79EFBC}") = "FarmMonitor", "FarmMonitor\FarmMonitor.csproj", "{05BB2BEF-BE83-4F36-AE6A-78BA67373304}"
EndProject
Project("{FAE04EC0-301F-11D3-BF4B-00C04F79EFBC}") = "FarmMonitor.Infrastructure", "FarmMonitor.Infrastructure\FarmMonitor.Infrastructure.csproj", "{8AF0DD1F-C302-4A5B-892C-9E93B42AD227}"
EndProject
Project("{2150E333-8FDC-42A3-9474-1A3956D46DE8}") = "Modules", "Modules", "{73ADA1AA-3E75-4471-8BE5-2B8FC67695F4}"
EndProject
Project("{FAE04EC0-301F-11D3-BF4B-00C04F79EFBC}") = "DashboardModule", "DashboardModule\DashboardModule.csproj", "{CC886B79-3CC6-4583-AABE-A31A9E87B11F}"
EndProject
Project("{FAE04EC0-301F-11D3-BF4B-00C04F79EFBC}") = "TimeLineModule", "TimeLineModule\TimeLineModule.csproj", "{553A5AEE-F4FB-47C1-A2BB-7C6621D1E023}"
EndProject
Project("{FAE04EC0-301F-11D3-BF4B-00C04F79EFBC}") = "NavigationModule", "NavigationModule\NavigationModule.csproj", "{2B4A802F-78C2-49CE-8841-D758918E91C7}"
EndProject
Project("{2150E333-8FDC-42A3-9474-1A3956D46DE8}") = "1.Data", "1.Data", "{705F296A-1B83-4B42-84C3-0DE0914F1C14}"
EndProject
Project("{FAE04EC0-301F-11D3-BF4B-00C04F79EFBC}") = "FarmMonitor.BLL", "Data\FarmMonitor.BLL\FarmMonitor.BLL.csproj", "{2642A126-7438-4875-840C-FC8F3F48D32B}"
EndProject
Project("{FAE04EC0-301F-11D3-BF4B-00C04F79EFBC}") = "FarmMonitor.DAL", "Data\FarmMonitor.DAL\FarmMonitor.DAL.csproj", "{C7BE71A4-33FE-408A-8C34-7E001B14DDCF}"
EndProject
Project("{FAE04EC0-301F-11D3-BF4B-00C04F79EFBC}") = "FarmMonitor.Model", "Data\FarmMonitor.Model\FarmMonitor.Model.csproj", "{BDF37282-9CED-454E-9314-20FC74AA6CF6}"
EndProject
Project("{FAE04EC0-301F-11D3-BF4B-00C04F79EFBC}") = "PresentationModule", "PresentationModule\PresentationModule.csproj", "{0BDD0125-80D0-44A9-B751-7DD00229DD47}"
EndProject
Project("{2150E333-8FDC-42A3-9474-1A3956D46DE8}") = "2.Desktop", "2.Desktop", "{EAD36C6D-EEA3-4A6F-AB1B-E39E14E2C488}"
EndProject
Project("{2150E333-8FDC-42A3-9474-1A3956D46DE8}") = "3.Web", "3.Web", "{9733AC8B-C22D-4376-A2CA-E644C1F4B69D}"
EndProject
Project("{2150E333-8FDC-42A3-9474-1A3956D46DE8}") = "4.App", "4.App", "{3B2D6FCD-13D2-47E1-955B-A56CBB91232C}"
EndProject
Project("{2150E333-8FDC-42A3-9474-1A3956D46DE8}") = "5.Infrastruscture", "5.Infrastruscture", "{8CFDF239-08A5-4B53-AF95-4286BD24B2ED}"
EndProject
Project("{2150E333-8FDC-42A3-9474-1A3956D46DE8}") = "6.Doc", "6.Doc", "{3B7BE654-C372-4C41-A709-EE642F7A058C}"
EndProject
Project("{FAE04EC0-301F-11D3-BF4B-00C04F79EFBC}") = "MapModule", "MapModule\MapModule.csproj", "{077B4C6C-AF61-4151-885C-7500C0FAF8C7}"
EndProject
Project("{FAE04EC0-301F-11D3-BF4B-00C04F79EFBC}") = "MonitorsModule", "MonitorsModule\MonitorsModule.csproj", "{59819293-9590-435E-A15B-26E2A99118DE}"
EndProject
Project("{FAE04EC0-301F-11D3-BF4B-00C04F79EFBC}") = "FarmMonitor.Web", "FarmMonitor.Web\FarmMonitor.Web.csproj", "{6C7E2683-DDDA-46C0-8B53-8ECAF7D46ED0}"
EndProject
Project("{FAE04EC0-301F-11D3-BF4B-00C04F79EFBC}") = "FarmMonitor.Common", "Common\FarmMonitor.Common.csproj", "{3195CFAD-043C-49AA-A35A-39C72496B32B}"
EndProject
Global
	GlobalSection(SolutionConfigurationPlatforms) = preSolution
		Debug|Any CPU = Debug|Any CPU
		Debug|x64 = Debug|x64
		Release|Any CPU = Release|Any CPU
		Release|x64 = Release|x64
	EndGlobalSection
	GlobalSection(ProjectConfigurationPlatforms) = postSolution
		{05BB2BEF-BE83-4F36-AE6A-78BA67373304}.Debug|Any CPU.ActiveCfg = Debug|x64
		{05BB2BEF-BE83-4F36-AE6A-78BA67373304}.Debug|Any CPU.Build.0 = Debug|x64
		{05BB2BEF-BE83-4F36-AE6A-78BA67373304}.Debug|x64.ActiveCfg = Debug|x64
		{05BB2BEF-BE83-4F36-AE6A-78BA67373304}.Debug|x64.Build.0 = Debug|x64
		{05BB2BEF-BE83-4F36-AE6A-78BA67373304}.Release|Any CPU.ActiveCfg = Release|Any CPU
		{05BB2BEF-BE83-4F36-AE6A-78BA67373304}.Release|Any CPU.Build.0 = Release|Any CPU
		{05BB2BEF-BE83-4F36-AE6A-78BA67373304}.Release|x64.ActiveCfg = Release|x64
		{05BB2BEF-BE83-4F36-AE6A-78BA67373304}.Release|x64.Build.0 = Release|x64
		{8AF0DD1F-C302-4A5B-892C-9E93B42AD227}.Debug|Any CPU.ActiveCfg = Debug|x64
		{8AF0DD1F-C302-4A5B-892C-9E93B42AD227}.Debug|Any CPU.Build.0 = Debug|x64
		{8AF0DD1F-C302-4A5B-892C-9E93B42AD227}.Debug|x64.ActiveCfg = Debug|x64
		{8AF0DD1F-C302-4A5B-892C-9E93B42AD227}.Debug|x64.Build.0 = Debug|x64
		{8AF0DD1F-C302-4A5B-892C-9E93B42AD227}.Release|Any CPU.ActiveCfg = Release|Any CPU
		{8AF0DD1F-C302-4A5B-892C-9E93B42AD227}.Release|Any CPU.Build.0 = Release|Any CPU
		{8AF0DD1F-C302-4A5B-892C-9E93B42AD227}.Release|x64.ActiveCfg = Release|x64
		{8AF0DD1F-C302-4A5B-892C-9E93B42AD227}.Release|x64.Build.0 = Release|x64
		{CC886B79-3CC6-4583-AABE-A31A9E87B11F}.Debug|Any CPU.ActiveCfg = Debug|x64
		{CC886B79-3CC6-4583-AABE-A31A9E87B11F}.Debug|Any CPU.Build.0 = Debug|x64
		{CC886B79-3CC6-4583-AABE-A31A9E87B11F}.Debug|x64.ActiveCfg = Debug|x64
		{CC886B79-3CC6-4583-AABE-A31A9E87B11F}.Debug|x64.Build.0 = Debug|x64
		{CC886B79-3CC6-4583-AABE-A31A9E87B11F}.Release|Any CPU.ActiveCfg = Release|Any CPU
		{CC886B79-3CC6-4583-AABE-A31A9E87B11F}.Release|Any CPU.Build.0 = Release|Any CPU
		{CC886B79-3CC6-4583-AABE-A31A9E87B11F}.Release|x64.ActiveCfg = Release|x64
		{CC886B79-3CC6-4583-AABE-A31A9E87B11F}.Release|x64.Build.0 = Release|x64
		{553A5AEE-F4FB-47C1-A2BB-7C6621D1E023}.Debug|Any CPU.ActiveCfg = Debug|x64
		{553A5AEE-F4FB-47C1-A2BB-7C6621D1E023}.Debug|Any CPU.Build.0 = Debug|x64
		{553A5AEE-F4FB-47C1-A2BB-7C6621D1E023}.Debug|x64.ActiveCfg = Debug|x64
		{553A5AEE-F4FB-47C1-A2BB-7C6621D1E023}.Debug|x64.Build.0 = Debug|x64
		{553A5AEE-F4FB-47C1-A2BB-7C6621D1E023}.Release|Any CPU.ActiveCfg = Release|Any CPU
		{553A5AEE-F4FB-47C1-A2BB-7C6621D1E023}.Release|Any CPU.Build.0 = Release|Any CPU
		{553A5AEE-F4FB-47C1-A2BB-7C6621D1E023}.Release|x64.ActiveCfg = Release|x64
		{553A5AEE-F4FB-47C1-A2BB-7C6621D1E023}.Release|x64.Build.0 = Release|x64
		{2B4A802F-78C2-49CE-8841-D758918E91C7}.Debug|Any CPU.ActiveCfg = Debug|x64
		{2B4A802F-78C2-49CE-8841-D758918E91C7}.Debug|Any CPU.Build.0 = Debug|x64
		{2B4A802F-78C2-49CE-8841-D758918E91C7}.Debug|x64.ActiveCfg = Debug|x64
		{2B4A802F-78C2-49CE-8841-D758918E91C7}.Debug|x64.Build.0 = Debug|x64
		{2B4A802F-78C2-49CE-8841-D758918E91C7}.Release|Any CPU.ActiveCfg = Release|Any CPU
		{2B4A802F-78C2-49CE-8841-D758918E91C7}.Release|Any CPU.Build.0 = Release|Any CPU
		{2B4A802F-78C2-49CE-8841-D758918E91C7}.Release|x64.ActiveCfg = Release|x64
		{2B4A802F-78C2-49CE-8841-D758918E91C7}.Release|x64.Build.0 = Release|x64
		{2642A126-7438-4875-840C-FC8F3F48D32B}.Debug|Any CPU.ActiveCfg = Debug|x64
		{2642A126-7438-4875-840C-FC8F3F48D32B}.Debug|Any CPU.Build.0 = Debug|x64
		{2642A126-7438-4875-840C-FC8F3F48D32B}.Debug|x64.ActiveCfg = Debug|x64
		{2642A126-7438-4875-840C-FC8F3F48D32B}.Debug|x64.Build.0 = Debug|x64
		{2642A126-7438-4875-840C-FC8F3F48D32B}.Release|Any CPU.ActiveCfg = Release|Any CPU
		{2642A126-7438-4875-840C-FC8F3F48D32B}.Release|Any CPU.Build.0 = Release|Any CPU
		{2642A126-7438-4875-840C-FC8F3F48D32B}.Release|x64.ActiveCfg = Release|x64
		{2642A126-7438-4875-840C-FC8F3F48D32B}.Release|x64.Build.0 = Release|x64
		{C7BE71A4-33FE-408A-8C34-7E001B14DDCF}.Debug|Any CPU.ActiveCfg = Debug|x64
		{C7BE71A4-33FE-408A-8C34-7E001B14DDCF}.Debug|Any CPU.Build.0 = Debug|x64
		{C7BE71A4-33FE-408A-8C34-7E001B14DDCF}.Debug|x64.ActiveCfg = Debug|x64
		{C7BE71A4-33FE-408A-8C34-7E001B14DDCF}.Debug|x64.Build.0 = Debug|x64
		{C7BE71A4-33FE-408A-8C34-7E001B14DDCF}.Release|Any CPU.ActiveCfg = Release|Any CPU
		{C7BE71A4-33FE-408A-8C34-7E001B14DDCF}.Release|Any CPU.Build.0 = Release|Any CPU
		{C7BE71A4-33FE-408A-8C34-7E001B14DDCF}.Release|x64.ActiveCfg = Release|x64
		{C7BE71A4-33FE-408A-8C34-7E001B14DDCF}.Release|x64.Build.0 = Release|x64
		{BDF37282-9CED-454E-9314-20FC74AA6CF6}.Debug|Any CPU.ActiveCfg = Debug|x64
		{BDF37282-9CED-454E-9314-20FC74AA6CF6}.Debug|Any CPU.Build.0 = Debug|x64
		{BDF37282-9CED-454E-9314-20FC74AA6CF6}.Debug|x64.ActiveCfg = Debug|x64
		{BDF37282-9CED-454E-9314-20FC74AA6CF6}.Debug|x64.Build.0 = Debug|x64
		{BDF37282-9CED-454E-9314-20FC74AA6CF6}.Release|Any CPU.ActiveCfg = Release|Any CPU
		{BDF37282-9CED-454E-9314-20FC74AA6CF6}.Release|Any CPU.Build.0 = Release|Any CPU
		{BDF37282-9CED-454E-9314-20FC74AA6CF6}.Release|x64.ActiveCfg = Release|x64
		{BDF37282-9CED-454E-9314-20FC74AA6CF6}.Release|x64.Build.0 = Release|x64
		{0BDD0125-80D0-44A9-B751-7DD00229DD47}.Debug|Any CPU.ActiveCfg = Debug|x64
		{0BDD0125-80D0-44A9-B751-7DD00229DD47}.Debug|Any CPU.Build.0 = Debug|x64
		{0BDD0125-80D0-44A9-B751-7DD00229DD47}.Debug|x64.ActiveCfg = Debug|x64
		{0BDD0125-80D0-44A9-B751-7DD00229DD47}.Debug|x64.Build.0 = Debug|x64
		{0BDD0125-80D0-44A9-B751-7DD00229DD47}.Release|Any CPU.ActiveCfg = Release|Any CPU
		{0BDD0125-80D0-44A9-B751-7DD00229DD47}.Release|Any CPU.Build.0 = Release|Any CPU
		{0BDD0125-80D0-44A9-B751-7DD00229DD47}.Release|x64.ActiveCfg = Release|x64
		{0BDD0125-80D0-44A9-B751-7DD00229DD47}.Release|x64.Build.0 = Release|x64
		{077B4C6C-AF61-4151-885C-7500C0FAF8C7}.Debug|Any CPU.ActiveCfg = Debug|x64
		{077B4C6C-AF61-4151-885C-7500C0FAF8C7}.Debug|Any CPU.Build.0 = Debug|x64
		{077B4C6C-AF61-4151-885C-7500C0FAF8C7}.Debug|x64.ActiveCfg = Debug|x64
		{077B4C6C-AF61-4151-885C-7500C0FAF8C7}.Debug|x64.Build.0 = Debug|x64
		{077B4C6C-AF61-4151-885C-7500C0FAF8C7}.Release|Any CPU.ActiveCfg = Release|Any CPU
		{077B4C6C-AF61-4151-885C-7500C0FAF8C7}.Release|Any CPU.Build.0 = Release|Any CPU
		{077B4C6C-AF61-4151-885C-7500C0FAF8C7}.Release|x64.ActiveCfg = Release|x64
		{077B4C6C-AF61-4151-885C-7500C0FAF8C7}.Release|x64.Build.0 = Release|x64
		{59819293-9590-435E-A15B-26E2A99118DE}.Debug|Any CPU.ActiveCfg = Debug|Any CPU
		{59819293-9590-435E-A15B-26E2A99118DE}.Debug|Any CPU.Build.0 = Debug|Any CPU
		{59819293-9590-435E-A15B-26E2A99118DE}.Debug|x64.ActiveCfg = Debug|Any CPU
		{59819293-9590-435E-A15B-26E2A99118DE}.Debug|x64.Build.0 = Debug|Any CPU
		{59819293-9590-435E-A15B-26E2A99118DE}.Release|Any CPU.ActiveCfg = Release|Any CPU
		{59819293-9590-435E-A15B-26E2A99118DE}.Release|Any CPU.Build.0 = Release|Any CPU
		{59819293-9590-435E-A15B-26E2A99118DE}.Release|x64.ActiveCfg = Release|Any CPU
		{59819293-9590-435E-A15B-26E2A99118DE}.Release|x64.Build.0 = Release|Any CPU
		{6C7E2683-DDDA-46C0-8B53-8ECAF7D46ED0}.Debug|Any CPU.ActiveCfg = Debug|Any CPU
		{6C7E2683-DDDA-46C0-8B53-8ECAF7D46ED0}.Debug|Any CPU.Build.0 = Debug|Any CPU
		{6C7E2683-DDDA-46C0-8B53-8ECAF7D46ED0}.Debug|x64.ActiveCfg = Debug|Any CPU
		{6C7E2683-DDDA-46C0-8B53-8ECAF7D46ED0}.Debug|x64.Build.0 = Debug|Any CPU
		{6C7E2683-DDDA-46C0-8B53-8ECAF7D46ED0}.Release|Any CPU.ActiveCfg = Release|Any CPU
		{6C7E2683-DDDA-46C0-8B53-8ECAF7D46ED0}.Release|Any CPU.Build.0 = Release|Any CPU
		{6C7E2683-DDDA-46C0-8B53-8ECAF7D46ED0}.Release|x64.ActiveCfg = Release|Any CPU
		{6C7E2683-DDDA-46C0-8B53-8ECAF7D46ED0}.Release|x64.Build.0 = Release|Any CPU
		{3195CFAD-043C-49AA-A35A-39C72496B32B}.Debug|Any CPU.ActiveCfg = Debug|Any CPU
		{3195CFAD-043C-49AA-A35A-39C72496B32B}.Debug|Any CPU.Build.0 = Debug|Any CPU
		{3195CFAD-043C-49AA-A35A-39C72496B32B}.Debug|x64.ActiveCfg = Debug|Any CPU
		{3195CFAD-043C-49AA-A35A-39C72496B32B}.Debug|x64.Build.0 = Debug|Any CPU
		{3195CFAD-043C-49AA-A35A-39C72496B32B}.Release|Any CPU.ActiveCfg = Release|Any CPU
		{3195CFAD-043C-49AA-A35A-39C72496B32B}.Release|Any CPU.Build.0 = Release|Any CPU
		{3195CFAD-043C-49AA-A35A-39C72496B32B}.Release|x64.ActiveCfg = Release|Any CPU
		{3195CFAD-043C-49AA-A35A-39C72496B32B}.Release|x64.Build.0 = Release|Any CPU
	EndGlobalSection
	GlobalSection(SolutionProperties) = preSolution
		HideSolutionNode = FALSE
	EndGlobalSection
	GlobalSection(NestedProjects) = preSolution
		{05BB2BEF-BE83-4F36-AE6A-78BA67373304} = {EAD36C6D-EEA3-4A6F-AB1B-E39E14E2C488}
		{8AF0DD1F-C302-4A5B-892C-9E93B42AD227} = {EAD36C6D-EEA3-4A6F-AB1B-E39E14E2C488}
		{73ADA1AA-3E75-4471-8BE5-2B8FC67695F4} = {EAD36C6D-EEA3-4A6F-AB1B-E39E14E2C488}
		{CC886B79-3CC6-4583-AABE-A31A9E87B11F} = {73ADA1AA-3E75-4471-8BE5-2B8FC67695F4}
		{553A5AEE-F4FB-47C1-A2BB-7C6621D1E023} = {73ADA1AA-3E75-4471-8BE5-2B8FC67695F4}
		{2B4A802F-78C2-49CE-8841-D758918E91C7} = {73ADA1AA-3E75-4471-8BE5-2B8FC67695F4}
		{2642A126-7438-4875-840C-FC8F3F48D32B} = {705F296A-1B83-4B42-84C3-0DE0914F1C14}
		{C7BE71A4-33FE-408A-8C34-7E001B14DDCF} = {705F296A-1B83-4B42-84C3-0DE0914F1C14}
		{BDF37282-9CED-454E-9314-20FC74AA6CF6} = {705F296A-1B83-4B42-84C3-0DE0914F1C14}
		{0BDD0125-80D0-44A9-B751-7DD00229DD47} = {73ADA1AA-3E75-4471-8BE5-2B8FC67695F4}
		{077B4C6C-AF61-4151-885C-7500C0FAF8C7} = {73ADA1AA-3E75-4471-8BE5-2B8FC67695F4}
		{59819293-9590-435E-A15B-26E2A99118DE} = {73ADA1AA-3E75-4471-8BE5-2B8FC67695F4}
		{6C7E2683-DDDA-46C0-8B53-8ECAF7D46ED0} = {9733AC8B-C22D-4376-A2CA-E644C1F4B69D}
		{3195CFAD-043C-49AA-A35A-39C72496B32B} = {9733AC8B-C22D-4376-A2CA-E644C1F4B69D}
	EndGlobalSection
	GlobalSection(ExtensibilityGlobals) = postSolution
		SolutionGuid = {0BB32D46-0D5D-4A7C-8801-A508CFA7F2EA}
	EndGlobalSection
EndGlobal
